{
  "name": "src",
  "version": "1.0.0",
  "lockfileVersion": 3,
  "requires": true,
  "packages": {
    "": {
      "name": "src",
      "version": "1.0.0",
      "license": "ISC",
      "dependencies": {
        "page": "^1.3.7"
      }
    },
    "node_modules/page": {
      "version": "1.3.7",
      "resolved": "https://registry.npmjs.org/page/-/page-1.3.7.tgz",
      "integrity": "sha512-1MzNKSvcVePQDErGsfK22xmtdD8AQNj5g8U3OWUJJdlP5wd7yVxCLFbJutMkI5j9pRT/ZCn5kS8Rr6em6LIXsA=="
    }
  }
}
